# This file was autogenerated by Stack.
# You should not edit this file by hand.
# For more information, please see the documentation at:
#   https://docs.haskellstack.org/en/stable/lock_files

packages:
- completed:
    hackage: alex-3.4.0.1@sha256:9d88e2463b268dfd41e5c9d6964e28a1532bae3c70241de85460b84a4b5ac528,3886
    pantry-tree:
      sha256: 5bdba130b150649ccd9f8dd74e60665fc8de64af573e9f31de8d162f572b9c83
      size: 4472
  original:
    hackage: alex-3.4.0.1
- completed:
    hackage: happy-1.20.1.1@sha256:a381633c5e8f9e9e5a8e1900930ce13172397b4677fcfcc08cd38eb3f73b61b1,5811
    pantry-tree:
      sha256: a5b8a3cd39ffabdf0deb31483eb97cc2c270083738ceeddff75a894a953f6b92
      size: 8615
  original:
    hackage: happy-1.20.1.1
- completed:
    hackage: BNFC-2.9.5@sha256:97152909bdf787791d760d167ed08bd7e6f0745408e03325f0878a857aaa83b6,9044
    pantry-tree:
      sha256: bbf986ea7f42ae56d5f1f6af8946e6c4abd5cea0938661af0024a268077f84a9
      size: 8157
  original:
    hackage: BNFC-2.9.5
snapshots:
- completed:
    sha256: 0964f3e2c04e21abf42e271490e6974bc923aac2f2fd595fcb53ad0c237dbed1
    size: 720034
    url: https://raw.githubusercontent.com/commercialhaskell/stackage-snapshots/master/lts/22/38.yaml
  original:
    url: https://raw.githubusercontent.com/commercialhaskell/stackage-snapshots/master/lts/22/38.yaml
